
Microsoft Visual Studio Solution File, Format Version 12.00
# Visual Studio 15
VisualStudioVersion = 15.0.28307.572
MinimumVisualStudioVersion = 10.0.40219.1
Project("{FAE04EC0-301F-11D3-BF4B-00C04F79EFBC}") = "Task 4 and 5", "Task 4 and 5\Task 4 and 5.csproj", "{F1188844-8EFB-4C9E-8C30-B07C340D665A}"
EndProject
Global
	GlobalSection(SolutionConfigurationPlatforms) = preSolution
		Debug|Any CPU = Debug|Any CPU
		Release|Any CPU = Release|Any CPU
	EndGlobalSection
	GlobalSection(ProjectConfigurationPlatforms) = postSolution
		{F1188844-8EFB-4C9E-8C30-B07C340D665A}.Debug|Any CPU.ActiveCfg = Debug|Any CPU
		{F1188844-8EFB-4C9E-8C30-B07C340D665A}.Debug|Any CPU.Build.0 = Debug|Any CPU
		{F1188844-8EFB-4C9E-8C30-B07C340D665A}.Release|Any CPU.ActiveCfg = Release|Any CPU
		{F1188844-8EFB-4C9E-8C30-B07C340D665A}.Release|Any CPU.Build.0 = Release|Any CPU
	EndGlobalSection
	GlobalSection(SolutionProperties) = preSolution
		HideSolutionNode = FALSE
	EndGlobalSection
	GlobalSection(ExtensibilityGlobals) = postSolution
		SolutionGuid = {DBD27CF7-8C40-43EF-BE42-B806D76D3F79}
	EndGlobalSection
EndGlobal
